
Microsoft Visual Studio Solution File, Format Version 12.00
# Visual Studio Version 17
VisualStudioVersion = 17.5.33414.496
MinimumVisualStudioVersion = 10.0.40219.1
Project("{FAE04EC0-301F-11D3-BF4B-00C04F79EFBC}") = "CardApp", "CardApp.csproj", "{DE90C9BA-072A-421B-B8F0-2D63ACFC438B}"
EndProject
Global
	GlobalSection(SolutionConfigurationPlatforms) = preSolution
		Debug|Any CPU = Debug|Any CPU
		Release|Any CPU = Release|Any CPU
	EndGlobalSection
	GlobalSection(ProjectConfigurationPlatforms) = postSolution
		{DE90C9BA-072A-421B-B8F0-2D63ACFC438B}.Debug|Any CPU.ActiveCfg = Debug|Any CPU
		{DE90C9BA-072A-421B-B8F0-2D63ACFC438B}.Debug|Any CPU.Build.0 = Debug|Any CPU
		{DE90C9BA-072A-421B-B8F0-2D63ACFC438B}.Release|Any CPU.ActiveCfg = Release|Any CPU
		{DE90C9BA-072A-421B-B8F0-2D63ACFC438B}.Release|Any CPU.Build.0 = Release|Any CPU
	EndGlobalSection
	GlobalSection(SolutionProperties) = preSolution
		HideSolutionNode = FALSE
	EndGlobalSection
	GlobalSection(ExtensibilityGlobals) = postSolution
		SolutionGuid = {6915B9D5-DA93-4EED-A951-B667E79BE2B0}
	EndGlobalSection
EndGlobal
